
Microsoft Visual Studio Solution File, Format Version 12.00
# Visual Studio 2012
Project("{F184B08F-C81C-45F6-A57F-5ABD9991F28F}") = "SimpleSTA", "SimpleSTA\SimpleSTA.vbproj", "{939E802D-20F3-4940-BABA-5AD2D436B95C}"
EndProject
Project("{6141683F-8A12-4E36-9623-2EB02B2C2303}") = "GlucoSetup", "GlucoSetup\GlucoSetup.isproj", "{0FDFF2A8-68CD-44E7-A231-A059E3FB1F41}"
	ProjectSection(ProjectDependencies) = postProject
		{939E802D-20F3-4940-BABA-5AD2D436B95C} = {939E802D-20F3-4940-BABA-5AD2D436B95C}
	EndProjectSection
EndProject
Global
	GlobalSection(SolutionConfigurationPlatforms) = preSolution
		CD_ROM|Any CPU = CD_ROM|Any CPU
		CD_ROM|Mixed Platforms = CD_ROM|Mixed Platforms
		CD_ROM|x86 = CD_ROM|x86
		Debug|Any CPU = Debug|Any CPU
		Debug|Mixed Platforms = Debug|Mixed Platforms
		Debug|x86 = Debug|x86
		DVD-5|Any CPU = DVD-5|Any CPU
		DVD-5|Mixed Platforms = DVD-5|Mixed Platforms
		DVD-5|x86 = DVD-5|x86
		Release|Any CPU = Release|Any CPU
		Release|Mixed Platforms = Release|Mixed Platforms
		Release|x86 = Release|x86
		SingleImage|Any CPU = SingleImage|Any CPU
		SingleImage|Mixed Platforms = SingleImage|Mixed Platforms
		SingleImage|x86 = SingleImage|x86
	EndGlobalSection
	GlobalSection(ProjectConfigurationPlatforms) = postSolution
		{939E802D-20F3-4940-BABA-5AD2D436B95C}.CD_ROM|Any CPU.ActiveCfg = Debug|x86
		{939E802D-20F3-4940-BABA-5AD2D436B95C}.CD_ROM|Mixed Platforms.ActiveCfg = Debug|x86
		{939E802D-20F3-4940-BABA-5AD2D436B95C}.CD_ROM|Mixed Platforms.Build.0 = Debug|x86
		{939E802D-20F3-4940-BABA-5AD2D436B95C}.CD_ROM|x86.ActiveCfg = Release|x86
		{939E802D-20F3-4940-BABA-5AD2D436B95C}.CD_ROM|x86.Build.0 = Release|x86
		{939E802D-20F3-4940-BABA-5AD2D436B95C}.Debug|Any CPU.ActiveCfg = Debug|x86
		{939E802D-20F3-4940-BABA-5AD2D436B95C}.Debug|Mixed Platforms.ActiveCfg = Debug|x86
		{939E802D-20F3-4940-BABA-5AD2D436B95C}.Debug|Mixed Platforms.Build.0 = Debug|x86
		{939E802D-20F3-4940-BABA-5AD2D436B95C}.Debug|x86.ActiveCfg = Debug|x86
		{939E802D-20F3-4940-BABA-5AD2D436B95C}.Debug|x86.Build.0 = Debug|x86
		{939E802D-20F3-4940-BABA-5AD2D436B95C}.DVD-5|Any CPU.ActiveCfg = Debug|x86
		{939E802D-20F3-4940-BABA-5AD2D436B95C}.DVD-5|Mixed Platforms.ActiveCfg = Debug|x86
		{939E802D-20F3-4940-BABA-5AD2D436B95C}.DVD-5|Mixed Platforms.Build.0 = Debug|x86
		{939E802D-20F3-4940-BABA-5AD2D436B95C}.DVD-5|x86.ActiveCfg = Debug|x86
		{939E802D-20F3-4940-BABA-5AD2D436B95C}.DVD-5|x86.Build.0 = Debug|x86
		{939E802D-20F3-4940-BABA-5AD2D436B95C}.Release|Any CPU.ActiveCfg = Release|x86
		{939E802D-20F3-4940-BABA-5AD2D436B95C}.Release|Mixed Platforms.ActiveCfg = Release|x86
		{939E802D-20F3-4940-BABA-5AD2D436B95C}.Release|Mixed Platforms.Build.0 = Release|x86
		{939E802D-20F3-4940-BABA-5AD2D436B95C}.Release|x86.ActiveCfg = Release|x86
		{939E802D-20F3-4940-BABA-5AD2D436B95C}.Release|x86.Build.0 = Release|x86
		{939E802D-20F3-4940-BABA-5AD2D436B95C}.SingleImage|Any CPU.ActiveCfg = Debug|x86
		{939E802D-20F3-4940-BABA-5AD2D436B95C}.SingleImage|Mixed Platforms.ActiveCfg = Debug|x86
		{939E802D-20F3-4940-BABA-5AD2D436B95C}.SingleImage|Mixed Platforms.Build.0 = Debug|x86
		{939E802D-20F3-4940-BABA-5AD2D436B95C}.SingleImage|x86.ActiveCfg = Release|x86
		{939E802D-20F3-4940-BABA-5AD2D436B95C}.SingleImage|x86.Build.0 = Release|x86
		{0FDFF2A8-68CD-44E7-A231-A059E3FB1F41}.CD_ROM|Any CPU.ActiveCfg = CD_ROM
		{0FDFF2A8-68CD-44E7-A231-A059E3FB1F41}.CD_ROM|Any CPU.Build.0 = CD_ROM
		{0FDFF2A8-68CD-44E7-A231-A059E3FB1F41}.CD_ROM|Mixed Platforms.ActiveCfg = CD_ROM
		{0FDFF2A8-68CD-44E7-A231-A059E3FB1F41}.CD_ROM|Mixed Platforms.Build.0 = CD_ROM
		{0FDFF2A8-68CD-44E7-A231-A059E3FB1F41}.CD_ROM|x86.ActiveCfg = CD_ROM
		{0FDFF2A8-68CD-44E7-A231-A059E3FB1F41}.CD_ROM|x86.Build.0 = CD_ROM
		{0FDFF2A8-68CD-44E7-A231-A059E3FB1F41}.Debug|Any CPU.ActiveCfg = DVD-5
		{0FDFF2A8-68CD-44E7-A231-A059E3FB1F41}.Debug|Any CPU.Build.0 = DVD-5
		{0FDFF2A8-68CD-44E7-A231-A059E3FB1F41}.Debug|Mixed Platforms.ActiveCfg = DVD-5
		{0FDFF2A8-68CD-44E7-A231-A059E3FB1F41}.Debug|Mixed Platforms.Build.0 = DVD-5
		{0FDFF2A8-68CD-44E7-A231-A059E3FB1F41}.Debug|x86.ActiveCfg = SingleImage
		{0FDFF2A8-68CD-44E7-A231-A059E3FB1F41}.Debug|x86.Build.0 = SingleImage
		{0FDFF2A8-68CD-44E7-A231-A059E3FB1F41}.DVD-5|Any CPU.ActiveCfg = DVD-5
		{0FDFF2A8-68CD-44E7-A231-A059E3FB1F41}.DVD-5|Any CPU.Build.0 = DVD-5
		{0FDFF2A8-68CD-44E7-A231-A059E3FB1F41}.DVD-5|Mixed Platforms.ActiveCfg = DVD-5
		{0FDFF2A8-68CD-44E7-A231-A059E3FB1F41}.DVD-5|Mixed Platforms.Build.0 = DVD-5
		{0FDFF2A8-68CD-44E7-A231-A059E3FB1F41}.DVD-5|x86.ActiveCfg = DVD-5
		{0FDFF2A8-68CD-44E7-A231-A059E3FB1F41}.DVD-5|x86.Build.0 = DVD-5
		{0FDFF2A8-68CD-44E7-A231-A059E3FB1F41}.Release|Any CPU.ActiveCfg = DVD-5
		{0FDFF2A8-68CD-44E7-A231-A059E3FB1F41}.Release|Any CPU.Build.0 = DVD-5
		{0FDFF2A8-68CD-44E7-A231-A059E3FB1F41}.Release|Mixed Platforms.ActiveCfg = DVD-5
		{0FDFF2A8-68CD-44E7-A231-A059E3FB1F41}.Release|Mixed Platforms.Build.0 = DVD-5
		{0FDFF2A8-68CD-44E7-A231-A059E3FB1F41}.Release|x86.ActiveCfg = SingleImage
		{0FDFF2A8-68CD-44E7-A231-A059E3FB1F41}.Release|x86.Build.0 = SingleImage
		{0FDFF2A8-68CD-44E7-A231-A059E3FB1F41}.SingleImage|Any CPU.ActiveCfg = SingleImage
		{0FDFF2A8-68CD-44E7-A231-A059E3FB1F41}.SingleImage|Any CPU.Build.0 = SingleImage
		{0FDFF2A8-68CD-44E7-A231-A059E3FB1F41}.SingleImage|Mixed Platforms.ActiveCfg = SingleImage
		{0FDFF2A8-68CD-44E7-A231-A059E3FB1F41}.SingleImage|Mixed Platforms.Build.0 = SingleImage
		{0FDFF2A8-68CD-44E7-A231-A059E3FB1F41}.SingleImage|x86.ActiveCfg = SingleImage
		{0FDFF2A8-68CD-44E7-A231-A059E3FB1F41}.SingleImage|x86.Build.0 = SingleImage
	EndGlobalSection
	GlobalSection(SolutionProperties) = preSolution
		HideSolutionNode = FALSE
	EndGlobalSection
EndGlobal
